
Microsoft Visual Studio Solution File, Format Version 12.00
# Visual Studio 15
VisualStudioVersion = 15.0.28307.421
MinimumVisualStudioVersion = 10.0.40219.1
Project("{FAE04EC0-301F-11D3-BF4B-00C04F79EFBC}") = "Lab10", "Lab10\Lab10.csproj", "{99761D43-8C1B-4AE1-9696-EBBF75A405F8}"
EndProject
Global
	GlobalSection(SolutionConfigurationPlatforms) = preSolution
		Debug|Any CPU = Debug|Any CPU
		Release|Any CPU = Release|Any CPU
	EndGlobalSection
	GlobalSection(ProjectConfigurationPlatforms) = postSolution
		{99761D43-8C1B-4AE1-9696-EBBF75A405F8}.Debug|Any CPU.ActiveCfg = Debug|Any CPU
		{99761D43-8C1B-4AE1-9696-EBBF75A405F8}.Debug|Any CPU.Build.0 = Debug|Any CPU
		{99761D43-8C1B-4AE1-9696-EBBF75A405F8}.Release|Any CPU.ActiveCfg = Release|Any CPU
		{99761D43-8C1B-4AE1-9696-EBBF75A405F8}.Release|Any CPU.Build.0 = Release|Any CPU
	EndGlobalSection
	GlobalSection(SolutionProperties) = preSolution
		HideSolutionNode = FALSE
	EndGlobalSection
	GlobalSection(ExtensibilityGlobals) = postSolution
		SolutionGuid = {0513B324-7E99-49D9-A31D-718470C1F764}
	EndGlobalSection
EndGlobal
