
Microsoft Visual Studio Solution File, Format Version 12.00
# Visual Studio 15
VisualStudioVersion = 15.0.27130.2036
MinimumVisualStudioVersion = 10.0.40219.1
Project("{FAE04EC0-301F-11D3-BF4B-00C04F79EFBC}") = "Laborator1", "Laborator1\Laborator1.csproj", "{0AAA4636-1FEC-4843-AED7-E3DE8DA07899}"
EndProject
Global
	GlobalSection(SolutionConfigurationPlatforms) = preSolution
		Debug|Any CPU = Debug|Any CPU
		Release|Any CPU = Release|Any CPU
	EndGlobalSection
	GlobalSection(ProjectConfigurationPlatforms) = postSolution
		{0AAA4636-1FEC-4843-AED7-E3DE8DA07899}.Debug|Any CPU.ActiveCfg = Debug|Any CPU
		{0AAA4636-1FEC-4843-AED7-E3DE8DA07899}.Debug|Any CPU.Build.0 = Debug|Any CPU
		{0AAA4636-1FEC-4843-AED7-E3DE8DA07899}.Release|Any CPU.ActiveCfg = Release|Any CPU
		{0AAA4636-1FEC-4843-AED7-E3DE8DA07899}.Release|Any CPU.Build.0 = Release|Any CPU
	EndGlobalSection
	GlobalSection(SolutionProperties) = preSolution
		HideSolutionNode = FALSE
	EndGlobalSection
	GlobalSection(ExtensibilityGlobals) = postSolution
		SolutionGuid = {52F9B98C-2E99-4EF3-976C-3D7FBB92A57F}
	EndGlobalSection
EndGlobal
