
Microsoft Visual Studio Solution File, Format Version 12.00
# Visual Studio 15
VisualStudioVersion = 15.0.28307.421
MinimumVisualStudioVersion = 10.0.40219.1
Project("{FAE04EC0-301F-11D3-BF4B-00C04F79EFBC}") = "StackImplementation", "Lab13\StackImplementation.csproj", "{88EF4B9F-902E-4B4B-8B6D-A0EEB14D7D14}"
EndProject
Global
	GlobalSection(SolutionConfigurationPlatforms) = preSolution
		Debug|Any CPU = Debug|Any CPU
		Release|Any CPU = Release|Any CPU
	EndGlobalSection
	GlobalSection(ProjectConfigurationPlatforms) = postSolution
		{88EF4B9F-902E-4B4B-8B6D-A0EEB14D7D14}.Debug|Any CPU.ActiveCfg = Debug|Any CPU
		{88EF4B9F-902E-4B4B-8B6D-A0EEB14D7D14}.Debug|Any CPU.Build.0 = Debug|Any CPU
		{88EF4B9F-902E-4B4B-8B6D-A0EEB14D7D14}.Release|Any CPU.ActiveCfg = Release|Any CPU
		{88EF4B9F-902E-4B4B-8B6D-A0EEB14D7D14}.Release|Any CPU.Build.0 = Release|Any CPU
	EndGlobalSection
	GlobalSection(SolutionProperties) = preSolution
		HideSolutionNode = FALSE
	EndGlobalSection
	GlobalSection(ExtensibilityGlobals) = postSolution
		SolutionGuid = {3548E8E0-B6F9-46CD-8D6D-1FCE06793B59}
	EndGlobalSection
EndGlobal
