
Microsoft Visual Studio Solution File, Format Version 12.00
# Visual Studio 15
VisualStudioVersion = 15.0.28307.421
MinimumVisualStudioVersion = 10.0.40219.1
Project("{FAE04EC0-301F-11D3-BF4B-00C04F79EFBC}") = "Lab7", "Lab7\Lab7.csproj", "{EFAB3F73-B473-4915-B2EE-222D1B0D5E7B}"
EndProject
Global
	GlobalSection(SolutionConfigurationPlatforms) = preSolution
		Debug|Any CPU = Debug|Any CPU
		Release|Any CPU = Release|Any CPU
	EndGlobalSection
	GlobalSection(ProjectConfigurationPlatforms) = postSolution
		{EFAB3F73-B473-4915-B2EE-222D1B0D5E7B}.Debug|Any CPU.ActiveCfg = Debug|Any CPU
		{EFAB3F73-B473-4915-B2EE-222D1B0D5E7B}.Debug|Any CPU.Build.0 = Debug|Any CPU
		{EFAB3F73-B473-4915-B2EE-222D1B0D5E7B}.Release|Any CPU.ActiveCfg = Release|Any CPU
		{EFAB3F73-B473-4915-B2EE-222D1B0D5E7B}.Release|Any CPU.Build.0 = Release|Any CPU
	EndGlobalSection
	GlobalSection(SolutionProperties) = preSolution
		HideSolutionNode = FALSE
	EndGlobalSection
	GlobalSection(ExtensibilityGlobals) = postSolution
		SolutionGuid = {C840CA75-91BE-46AF-8C9C-B4A1E7721727}
	EndGlobalSection
EndGlobal
